
Microsoft Visual Studio Solution File, Format Version 12.00
# Visual Studio 14
VisualStudioVersion = 14.0.25420.1
MinimumVisualStudioVersion = 10.0.40219.1
Project("{FAE04EC0-301F-11D3-BF4B-00C04F79EFBC}") = "client", "client\client.csproj", "{F423CEEE-1282-425A-B774-CF59062F6564}"
EndProject
Project("{FAE04EC0-301F-11D3-BF4B-00C04F79EFBC}") = "bai2", "bai2\bai2.csproj", "{D663AED5-BFBB-48AC-8075-98CDB39715CD}"
EndProject
Project("{FAE04EC0-301F-11D3-BF4B-00C04F79EFBC}") = "Bai1-Server", "Bai1-Server\Bai1-Server.csproj", "{728FACD9-4653-47CE-BBCD-825EF37AE593}"
EndProject
Project("{FAE04EC0-301F-11D3-BF4B-00C04F79EFBC}") = "bai1-client", "bai1-client\bai1-client.csproj", "{D8EB4236-73A1-4C97-A377-643CC9404452}"
EndProject
Global
	GlobalSection(SolutionConfigurationPlatforms) = preSolution
		Debug|Any CPU = Debug|Any CPU
		Debug|x86 = Debug|x86
		Release|Any CPU = Release|Any CPU
		Release|x86 = Release|x86
	EndGlobalSection
	GlobalSection(ProjectConfigurationPlatforms) = postSolution
		{F423CEEE-1282-425A-B774-CF59062F6564}.Debug|Any CPU.ActiveCfg = Debug|x86
		{F423CEEE-1282-425A-B774-CF59062F6564}.Debug|x86.ActiveCfg = Debug|x86
		{F423CEEE-1282-425A-B774-CF59062F6564}.Debug|x86.Build.0 = Debug|x86
		{F423CEEE-1282-425A-B774-CF59062F6564}.Release|Any CPU.ActiveCfg = Release|x86
		{F423CEEE-1282-425A-B774-CF59062F6564}.Release|x86.ActiveCfg = Release|x86
		{F423CEEE-1282-425A-B774-CF59062F6564}.Release|x86.Build.0 = Release|x86
		{D663AED5-BFBB-48AC-8075-98CDB39715CD}.Debug|Any CPU.ActiveCfg = Debug|x86
		{D663AED5-BFBB-48AC-8075-98CDB39715CD}.Debug|x86.ActiveCfg = Debug|x86
		{D663AED5-BFBB-48AC-8075-98CDB39715CD}.Debug|x86.Build.0 = Debug|x86
		{D663AED5-BFBB-48AC-8075-98CDB39715CD}.Release|Any CPU.ActiveCfg = Release|x86
		{D663AED5-BFBB-48AC-8075-98CDB39715CD}.Release|x86.ActiveCfg = Release|x86
		{D663AED5-BFBB-48AC-8075-98CDB39715CD}.Release|x86.Build.0 = Release|x86
		{728FACD9-4653-47CE-BBCD-825EF37AE593}.Debug|Any CPU.ActiveCfg = Debug|Any CPU
		{728FACD9-4653-47CE-BBCD-825EF37AE593}.Debug|Any CPU.Build.0 = Debug|Any CPU
		{728FACD9-4653-47CE-BBCD-825EF37AE593}.Debug|x86.ActiveCfg = Debug|Any CPU
		{728FACD9-4653-47CE-BBCD-825EF37AE593}.Debug|x86.Build.0 = Debug|Any CPU
		{728FACD9-4653-47CE-BBCD-825EF37AE593}.Release|Any CPU.ActiveCfg = Release|Any CPU
		{728FACD9-4653-47CE-BBCD-825EF37AE593}.Release|Any CPU.Build.0 = Release|Any CPU
		{728FACD9-4653-47CE-BBCD-825EF37AE593}.Release|x86.ActiveCfg = Release|Any CPU
		{728FACD9-4653-47CE-BBCD-825EF37AE593}.Release|x86.Build.0 = Release|Any CPU
		{D8EB4236-73A1-4C97-A377-643CC9404452}.Debug|Any CPU.ActiveCfg = Debug|Any CPU
		{D8EB4236-73A1-4C97-A377-643CC9404452}.Debug|Any CPU.Build.0 = Debug|Any CPU
		{D8EB4236-73A1-4C97-A377-643CC9404452}.Debug|x86.ActiveCfg = Debug|Any CPU
		{D8EB4236-73A1-4C97-A377-643CC9404452}.Debug|x86.Build.0 = Debug|Any CPU
		{D8EB4236-73A1-4C97-A377-643CC9404452}.Release|Any CPU.ActiveCfg = Release|Any CPU
		{D8EB4236-73A1-4C97-A377-643CC9404452}.Release|Any CPU.Build.0 = Release|Any CPU
		{D8EB4236-73A1-4C97-A377-643CC9404452}.Release|x86.ActiveCfg = Release|Any CPU
		{D8EB4236-73A1-4C97-A377-643CC9404452}.Release|x86.Build.0 = Release|Any CPU
	EndGlobalSection
	GlobalSection(SolutionProperties) = preSolution
		HideSolutionNode = FALSE
	EndGlobalSection
EndGlobal
